
Microsoft Visual Studio Solution File, Format Version 12.00
# Visual Studio Version 16
VisualStudioVersion = 16.0.33130.400
MinimumVisualStudioVersion = 10.0.40219.1
Project("{FAE04EC0-301F-11D3-BF4B-00C04F79EFBC}") = "RoleBasedAuthorizationAssignment", "RoleBasedAuthorizationAssignment\RoleBasedAuthorizationAssignment.csproj", "{BBE24439-E2DF-4543-B89F-762B862DA14C}"
EndProject
Global
	GlobalSection(SolutionConfigurationPlatforms) = preSolution
		Debug|Any CPU = Debug|Any CPU
		Release|Any CPU = Release|Any CPU
	EndGlobalSection
	GlobalSection(ProjectConfigurationPlatforms) = postSolution
		{BBE24439-E2DF-4543-B89F-762B862DA14C}.Debug|Any CPU.ActiveCfg = Debug|Any CPU
		{BBE24439-E2DF-4543-B89F-762B862DA14C}.Debug|Any CPU.Build.0 = Debug|Any CPU
		{BBE24439-E2DF-4543-B89F-762B862DA14C}.Release|Any CPU.ActiveCfg = Release|Any CPU
		{BBE24439-E2DF-4543-B89F-762B862DA14C}.Release|Any CPU.Build.0 = Release|Any CPU
	EndGlobalSection
	GlobalSection(SolutionProperties) = preSolution
		HideSolutionNode = FALSE
	EndGlobalSection
	GlobalSection(ExtensibilityGlobals) = postSolution
		SolutionGuid = {7B6BA7A9-2850-4A98-9A84-F05DF4B9E112}
	EndGlobalSection
EndGlobal
